
Microsoft Visual Studio Solution File, Format Version 12.00
# Visual Studio Version 16
VisualStudioVersion = 16.0.31025.194
MinimumVisualStudioVersion = 10.0.40219.1
Project("{FAE04EC0-301F-11D3-BF4B-00C04F79EFBC}") = "SQS.Test", "SQS.Test\SQS.Test.csproj", "{0058925F-DAE3-4D2C-8EF8-E7BB8FC58606}"
EndProject
Project("{FAE04EC0-301F-11D3-BF4B-00C04F79EFBC}") = "SQS.Test.Receive", "SQS.Test.Receive\SQS.Test.Receive.csproj", "{B02C4EFB-2D8A-44B5-B6EB-36BD72DF6203}"
EndProject
Project("{FAE04EC0-301F-11D3-BF4B-00C04F79EFBC}") = "SNS.Test", "SNS.Test\SNS.Test.csproj", "{9BC36E8A-79BA-47A8-8A24-6A61AC6DC4C7}"
EndProject
Global
	GlobalSection(SolutionConfigurationPlatforms) = preSolution
		Debug|Any CPU = Debug|Any CPU
		Release|Any CPU = Release|Any CPU
	EndGlobalSection
	GlobalSection(ProjectConfigurationPlatforms) = postSolution
		{0058925F-DAE3-4D2C-8EF8-E7BB8FC58606}.Debug|Any CPU.ActiveCfg = Debug|Any CPU
		{0058925F-DAE3-4D2C-8EF8-E7BB8FC58606}.Debug|Any CPU.Build.0 = Debug|Any CPU
		{0058925F-DAE3-4D2C-8EF8-E7BB8FC58606}.Release|Any CPU.ActiveCfg = Release|Any CPU
		{0058925F-DAE3-4D2C-8EF8-E7BB8FC58606}.Release|Any CPU.Build.0 = Release|Any CPU
		{B02C4EFB-2D8A-44B5-B6EB-36BD72DF6203}.Debug|Any CPU.ActiveCfg = Debug|Any CPU
		{B02C4EFB-2D8A-44B5-B6EB-36BD72DF6203}.Debug|Any CPU.Build.0 = Debug|Any CPU
		{B02C4EFB-2D8A-44B5-B6EB-36BD72DF6203}.Release|Any CPU.ActiveCfg = Release|Any CPU
		{B02C4EFB-2D8A-44B5-B6EB-36BD72DF6203}.Release|Any CPU.Build.0 = Release|Any CPU
		{9BC36E8A-79BA-47A8-8A24-6A61AC6DC4C7}.Debug|Any CPU.ActiveCfg = Debug|Any CPU
		{9BC36E8A-79BA-47A8-8A24-6A61AC6DC4C7}.Debug|Any CPU.Build.0 = Debug|Any CPU
		{9BC36E8A-79BA-47A8-8A24-6A61AC6DC4C7}.Release|Any CPU.ActiveCfg = Release|Any CPU
		{9BC36E8A-79BA-47A8-8A24-6A61AC6DC4C7}.Release|Any CPU.Build.0 = Release|Any CPU
	EndGlobalSection
	GlobalSection(SolutionProperties) = preSolution
		HideSolutionNode = FALSE
	EndGlobalSection
	GlobalSection(ExtensibilityGlobals) = postSolution
		SolutionGuid = {FB17168B-FBFB-4243-8580-B119D57BA0BA}
	EndGlobalSection
EndGlobal
